
Microsoft Visual Studio Solution File, Format Version 12.00
# Visual Studio Version 16
VisualStudioVersion = 16.0.30309.148
MinimumVisualStudioVersion = 10.0.40219.1
Project("{FAE04EC0-301F-11D3-BF4B-00C04F79EFBC}") = "ReconUtility_Core", "ReconUtility_Core.csproj", "{3D88EF43-2C5B-403A-AAB3-2D73D9B14878}"
EndProject
Global
	GlobalSection(SolutionConfigurationPlatforms) = preSolution
		Debug|Any CPU = Debug|Any CPU
		Release|Any CPU = Release|Any CPU
	EndGlobalSection
	GlobalSection(ProjectConfigurationPlatforms) = postSolution
		{3D88EF43-2C5B-403A-AAB3-2D73D9B14878}.Debug|Any CPU.ActiveCfg = Debug|Any CPU
		{3D88EF43-2C5B-403A-AAB3-2D73D9B14878}.Debug|Any CPU.Build.0 = Debug|Any CPU
		{3D88EF43-2C5B-403A-AAB3-2D73D9B14878}.Release|Any CPU.ActiveCfg = Release|Any CPU
		{3D88EF43-2C5B-403A-AAB3-2D73D9B14878}.Release|Any CPU.Build.0 = Release|Any CPU
	EndGlobalSection
	GlobalSection(SolutionProperties) = preSolution
		HideSolutionNode = FALSE
	EndGlobalSection
	GlobalSection(ExtensibilityGlobals) = postSolution
		SolutionGuid = {311F9490-337A-4BD3-8CAB-663DC66C11B0}
	EndGlobalSection
EndGlobal
